
Microsoft Visual Studio Solution File, Format Version 12.00
# Visual Studio Version 17
VisualStudioVersion = 17.11.35312.102
MinimumVisualStudioVersion = 10.0.40219.1
Project("{FAE04EC0-301F-11D3-BF4B-00C04F79EFBC}") = "ExtensionMethods", "ExtensionMethods\ExtensionMethods.csproj", "{5D07B783-3AC8-42DA-947D-C9EC58607D5D}"
EndProject
Global
	GlobalSection(SolutionConfigurationPlatforms) = preSolution
		Debug|Any CPU = Debug|Any CPU
		Release|Any CPU = Release|Any CPU
	EndGlobalSection
	GlobalSection(ProjectConfigurationPlatforms) = postSolution
		{5D07B783-3AC8-42DA-947D-C9EC58607D5D}.Debug|Any CPU.ActiveCfg = Debug|Any CPU
		{5D07B783-3AC8-42DA-947D-C9EC58607D5D}.Debug|Any CPU.Build.0 = Debug|Any CPU
		{5D07B783-3AC8-42DA-947D-C9EC58607D5D}.Release|Any CPU.ActiveCfg = Release|Any CPU
		{5D07B783-3AC8-42DA-947D-C9EC58607D5D}.Release|Any CPU.Build.0 = Release|Any CPU
	EndGlobalSection
	GlobalSection(SolutionProperties) = preSolution
		HideSolutionNode = FALSE
	EndGlobalSection
	GlobalSection(ExtensibilityGlobals) = postSolution
		SolutionGuid = {4762DF93-3B9C-48BC-9706-B4ECCFBBEA82}
	EndGlobalSection
EndGlobal
